# Generated by pub
# See http://pub.dartlang.org/doc/glossary.html#lockfile
packages:
  analyzer_experimental:
    description: analyzer_experimental
    source: hosted
    version: "0.6.15+3"
  args:
    description: args
    source: hosted
    version: "0.6.15+3"
  browser:
    description: browser
    source: hosted
    version: "0.6.15+3"
  intl:
    description: intl
    source: hosted
    version: "0.6.15+3"
  logging:
    description: logging
    source: hosted
    version: "0.6.15+3"
  path:
    description: path
    source: hosted
    version: "0.6.15+3"
  svg_zoom_and_pan:
    description: svg_zoom_and_pan
    source: hosted
    version: "0.0.4"
  unmodifiable_collection:
    description: unmodifiable_collection
    source: hosted
    version: "0.6.15+3"
  webboards_core:
    description:
      path: "/home/rzymek/devel/github/web-boards/client/bastogne/../core"
      relative: true
    source: path
    version: "0.0.1"
