{
  "meteor": {},
  "dependencies": {
    "basePackages": {
      "jquery-ui": {},
      "bootstrap3-less": {},
      "keybindings": {},
      "snap-svg": {},
      "nprogress": {},
      "jquery-mousewheel": {},
      "collection-hooks": {}
    },
    "packages": {
      "jquery-ui": {
        "git": "https://github.com/TimHeckel/meteor-jquery-ui.git",
        "tag": "v1.9.2",
        "commit": "c437d45edcf1367df8d5ffa8bad2867758030bd2"
      },
      "bootstrap3-less": {
        "git": "https://github.com/eprochasson/bootstrap3-less",
        "tag": "v0.1.8",
        "commit": "48b6db4435d9f01a1fcfe694a180b38e8e38835b"
      },
      "keybindings": {
        "git": "https://github.com/matteodem/meteor-keybindings.git",
        "tag": "v0.3.8",
        "commit": "7102c7329453c18c63846d74d0b51ef35a23e945"
      },
      "snap-svg": {
        "git": "https://github.com/10thfloor/meteor-snap-svg.git",
        "tag": "v0.1.0",
        "commit": "ec16c1bd55ff6695f1417c4b8ca718624f65efae"
      },
      "nprogress": {
        "git": "https://github.com/zhouzhuojie/meteor-nprogress.git",
        "tag": "v0.0.3",
        "commit": "ffd1c5dd400af64121197f4e637a215c4b6b1fc7"
      },
      "jquery-mousewheel": {
        "git": "https://github.com/sslotsky/meteor-jquery-mousewheel.git",
        "tag": "v0.1.0",
        "commit": "357e12cbe3bdcec1c3d1bff4b13b191d75acc973"
      },
      "collection-hooks": {
        "git": "https://github.com/matb33/meteor-collection-hooks.git",
        "tag": "v0.6.2",
        "commit": "29484b2110206be93b01c6d11ce06ec9208de7bd"
      }
    }
  }
}
