# Generated by pub
# See http://pub.dartlang.org/doc/glossary.html#lockfile
packages:
  browser:
    description: browser
    source: hosted
    version: "0.6.14"
  svg_zoom_and_pan:
    description: svg_zoom_and_pan
    source: hosted
    version: "0.0.4"
  webboards_core:
    description:
      path: "/home/rzymek/devel/github/web-boards/client/basic/../core"
      relative: true
    source: path
    version: "0.0.1"
